{
  "name": "nv9p",
  "lockfileVersion": 3,
  "requires": true,
  "packages": {
    "": {
      "dependencies": {
        "mkdocs-material": "^0.0.1-security"
      }
    },
    "node_modules/mkdocs-material": {
      "version": "0.0.1-security",
      "resolved": "https://registry.npmjs.org/mkdocs-material/-/mkdocs-material-0.0.1-security.tgz",
      "integrity": "sha512-TwhbenHTOVvucv5gL8xHxJi9C6KhMCMqB6Iiw2gxNAgpDUgs5ZJrMqUPisBjlS3jteaZnrosUBWyL5jJbsnpbg=="
    }
  }
}
